
Microsoft Visual Studio Solution File, Format Version 12.00
# Visual Studio 2013
VisualStudioVersion = 12.0.21005.1
MinimumVisualStudioVersion = 10.0.40219.1
Project("{8BC9CEB8-8B4A-11D0-8D11-00A0C91BC942}") = "047. Permutations II", "047. Permutations II.vcxproj", "{499E8918-CD97-41F4-B3F4-58319C43BBCC}"
EndProject
Global
	GlobalSection(SolutionConfigurationPlatforms) = preSolution
		Debug|Win32 = Debug|Win32
		Release|Win32 = Release|Win32
	EndGlobalSection
	GlobalSection(ProjectConfigurationPlatforms) = postSolution
		{499E8918-CD97-41F4-B3F4-58319C43BBCC}.Debug|Win32.ActiveCfg = Debug|Win32
		{499E8918-CD97-41F4-B3F4-58319C43BBCC}.Debug|Win32.Build.0 = Debug|Win32
		{499E8918-CD97-41F4-B3F4-58319C43BBCC}.Release|Win32.ActiveCfg = Release|Win32
		{499E8918-CD97-41F4-B3F4-58319C43BBCC}.Release|Win32.Build.0 = Release|Win32
	EndGlobalSection
	GlobalSection(SolutionProperties) = preSolution
		HideSolutionNode = FALSE
	EndGlobalSection
EndGlobal
