
Microsoft Visual Studio Solution File, Format Version 12.00
# Visual Studio 2013
VisualStudioVersion = 12.0.21005.1
MinimumVisualStudioVersion = 10.0.40219.1
Project("{8BC9CEB8-8B4A-11D0-8D11-00A0C91BC942}") = "105. Construct Binary Tree from Preorder and Inorder Traversal", "105. Construct Binary Tree from Preorder and Inorder Traversal.vcxproj", "{F624F1A8-9C05-4844-9FC2-9D2A51E26B58}"
EndProject
Global
	GlobalSection(SolutionConfigurationPlatforms) = preSolution
		Debug|Win32 = Debug|Win32
		Release|Win32 = Release|Win32
	EndGlobalSection
	GlobalSection(ProjectConfigurationPlatforms) = postSolution
		{F624F1A8-9C05-4844-9FC2-9D2A51E26B58}.Debug|Win32.ActiveCfg = Debug|Win32
		{F624F1A8-9C05-4844-9FC2-9D2A51E26B58}.Debug|Win32.Build.0 = Debug|Win32
		{F624F1A8-9C05-4844-9FC2-9D2A51E26B58}.Release|Win32.ActiveCfg = Release|Win32
		{F624F1A8-9C05-4844-9FC2-9D2A51E26B58}.Release|Win32.Build.0 = Release|Win32
	EndGlobalSection
	GlobalSection(SolutionProperties) = preSolution
		HideSolutionNode = FALSE
	EndGlobalSection
EndGlobal
