
Microsoft Visual Studio Solution File, Format Version 12.00
# Visual Studio 2013
VisualStudioVersion = 12.0.21005.1
MinimumVisualStudioVersion = 10.0.40219.1
Project("{8BC9CEB8-8B4A-11D0-8D11-00A0C91BC942}") = "020. Valid Parentheses", "020. Valid Parentheses.vcxproj", "{ADB8FA1A-6207-4132-8BF8-F5F03B0C8D2B}"
EndProject
Global
	GlobalSection(SolutionConfigurationPlatforms) = preSolution
		Debug|Win32 = Debug|Win32
		Release|Win32 = Release|Win32
	EndGlobalSection
	GlobalSection(ProjectConfigurationPlatforms) = postSolution
		{ADB8FA1A-6207-4132-8BF8-F5F03B0C8D2B}.Debug|Win32.ActiveCfg = Debug|Win32
		{ADB8FA1A-6207-4132-8BF8-F5F03B0C8D2B}.Debug|Win32.Build.0 = Debug|Win32
		{ADB8FA1A-6207-4132-8BF8-F5F03B0C8D2B}.Release|Win32.ActiveCfg = Release|Win32
		{ADB8FA1A-6207-4132-8BF8-F5F03B0C8D2B}.Release|Win32.Build.0 = Release|Win32
	EndGlobalSection
	GlobalSection(SolutionProperties) = preSolution
		HideSolutionNode = FALSE
	EndGlobalSection
EndGlobal
